{
  "name": "Acebook-OVO",
  "lockfileVersion": 2,
  "requires": true,
  "packages": {
    "": {
      "dependencies": {
        "jwt-decode": "^3.1.2",
        "react-token-auth": "^2.3.8"
      }
    },
    "node_modules/jwt-decode": {
      "version": "3.1.2",
      "resolved": "https://registry.npmjs.org/jwt-decode/-/jwt-decode-3.1.2.tgz",
      "integrity": "sha512-UfpWE/VZn0iP50d8cz9NrZLM9lSWhcJ+0Gt/nm4by88UL+J1SiKN8/5dkjMmbEzwL2CAe+67GsegCbIKtbp75A=="
    },
    "node_modules/react-token-auth": {
      "version": "2.3.8",
      "resolved": "https://registry.npmjs.org/react-token-auth/-/react-token-auth-2.3.8.tgz",
      "integrity": "sha512-sRy4xpPY0NgTXL/kwQ0LqUZpHiurLG/4lSr9MAVPAuvN/hnjQqAcszl+c869ZO6Pegj2/OEP0MDmvMBJv1SkHQ=="
    }
  },
  "dependencies": {
    "jwt-decode": {
      "version": "3.1.2",
      "resolved": "https://registry.npmjs.org/jwt-decode/-/jwt-decode-3.1.2.tgz",
      "integrity": "sha512-UfpWE/VZn0iP50d8cz9NrZLM9lSWhcJ+0Gt/nm4by88UL+J1SiKN8/5dkjMmbEzwL2CAe+67GsegCbIKtbp75A=="
    },
    "react-token-auth": {
      "version": "2.3.8",
      "resolved": "https://registry.npmjs.org/react-token-auth/-/react-token-auth-2.3.8.tgz",
      "integrity": "sha512-sRy4xpPY0NgTXL/kwQ0LqUZpHiurLG/4lSr9MAVPAuvN/hnjQqAcszl+c869ZO6Pegj2/OEP0MDmvMBJv1SkHQ=="
    }
  }
}
